
Microsoft Visual Studio Solution File, Format Version 12.00
# Visual Studio Version 17
VisualStudioVersion = 17.14.36408.4 d17.14
MinimumVisualStudioVersion = 10.0.40219.1
Project("{FAE04EC0-301F-11D3-BF4B-00C04F79EFBC}") = "C#", "C#\C#.csproj", "{3D05DA06-C373-4EF6-A148-F9E847B7EFE0}"
EndProject
Project("{888888A0-9F3D-457C-B088-3A5042F75D52}") = "Python", "Python\Python.pyproj", "{5A1EAAB4-60C2-4714-9CB9-EB5ADF817E3D}"
EndProject
Global
	GlobalSection(SolutionConfigurationPlatforms) = preSolution
		Debug|Any CPU = Debug|Any CPU
		Release|Any CPU = Release|Any CPU
	EndGlobalSection
	GlobalSection(ProjectConfigurationPlatforms) = postSolution
		{3D05DA06-C373-4EF6-A148-F9E847B7EFE0}.Debug|Any CPU.ActiveCfg = Debug|Any CPU
		{3D05DA06-C373-4EF6-A148-F9E847B7EFE0}.Debug|Any CPU.Build.0 = Debug|Any CPU
		{3D05DA06-C373-4EF6-A148-F9E847B7EFE0}.Release|Any CPU.ActiveCfg = Release|Any CPU
		{3D05DA06-C373-4EF6-A148-F9E847B7EFE0}.Release|Any CPU.Build.0 = Release|Any CPU
		{5A1EAAB4-60C2-4714-9CB9-EB5ADF817E3D}.Debug|Any CPU.ActiveCfg = Debug|Any CPU
		{5A1EAAB4-60C2-4714-9CB9-EB5ADF817E3D}.Release|Any CPU.ActiveCfg = Release|Any CPU
	EndGlobalSection
	GlobalSection(SolutionProperties) = preSolution
		HideSolutionNode = FALSE
	EndGlobalSection
	GlobalSection(ExtensibilityGlobals) = postSolution
		SolutionGuid = {9603FEC0-667D-4EFC-8B61-7EA343139E88}
	EndGlobalSection
EndGlobal
